// !$*UTF8*$!
{
	archiveVersion = 1;
	classes = {
	};
	objectVersion = 46;
	objects = {

/* Begin PBXBuildFile section */
		515814641D63CDF1006394B4 /* AppDelegate.swift in Sources */ = {isa = PBXBuildFile; fileRef = 515814631D63CDF1006394B4 /* AppDelegate.swift */; };
		515814691D63CDF1006394B4 /* Main.storyboard in Resources */ = {isa = PBXBuildFile; fileRef = 515814671D63CDF1006394B4 /* Main.storyboard */; };
		5158146B1D63CDF1006394B4 /* Assets.xcassets in Resources */ = {isa = PBXBuildFile; fileRef = 5158146A1D63CDF1006394B4 /* Assets.xcassets */; };
		5158146E1D63CDF1006394B4 /* LaunchScreen.storyboard in Resources */ = {isa = PBXBuildFile; fileRef = 5158146C1D63CDF1006394B4 /* LaunchScreen.storyboard */; };
		515814791D63CE29006394B4 /* User.swift in Sources */ = {isa = PBXBuildFile; fileRef = 515814781D63CE29006394B4 /* User.swift */; };
		5158147D1D63CE5B006394B4 /* Post.swift in Sources */ = {isa = PBXBuildFile; fileRef = 5158147C1D63CE5B006394B4 /* Post.swift */; };
		515814811D64C946006394B4 /* CloudKitManager.swift in Sources */ = {isa = PBXBuildFile; fileRef = 515814801D64C946006394B4 /* CloudKitManager.swift */; };
		515814841D64F84F006394B4 /* CloudKit.framework in Frameworks */ = {isa = PBXBuildFile; fileRef = 515814831D64F84F006394B4 /* CloudKit.framework */; };
		515814861D650C59006394B4 /* UserController.swift in Sources */ = {isa = PBXBuildFile; fileRef = 515814851D650C59006394B4 /* UserController.swift */; };
		515814881D67A0F9006394B4 /* Message.swift in Sources */ = {isa = PBXBuildFile; fileRef = 515814871D67A0F9006394B4 /* Message.swift */; };
		5158148A1D67A1DC006394B4 /* Channel.swift in Sources */ = {isa = PBXBuildFile; fileRef = 515814891D67A1DC006394B4 /* Channel.swift */; };
		5158148C1D67BBF0006394B4 /* ViewController.swift in Sources */ = {isa = PBXBuildFile; fileRef = 5158148B1D67BBF0006394B4 /* ViewController.swift */; };
		5158148E1D6B734E006394B4 /* MessageController.swift in Sources */ = {isa = PBXBuildFile; fileRef = 5158148D1D6B734E006394B4 /* MessageController.swift */; };
		515814901D6B7360006394B4 /* ChannelController.swift in Sources */ = {isa = PBXBuildFile; fileRef = 5158148F1D6B7360006394B4 /* ChannelController.swift */; };
		515814921D6B737B006394B4 /* PostController.swift in Sources */ = {isa = PBXBuildFile; fileRef = 515814911D6B737B006394B4 /* PostController.swift */; };
/* End PBXBuildFile section */

/* Begin PBXFileReference section */
		515814601D63CDF1006394B4 /* Chat.app */ = {isa = PBXFileReference; explicitFileType = wrapper.application; includeInIndex = 0; path = Chat.app; sourceTree = BUILT_PRODUCTS_DIR; };
		515814631D63CDF1006394B4 /* AppDelegate.swift */ = {isa = PBXFileReference; lastKnownFileType = sourcecode.swift; path = AppDelegate.swift; sourceTree = "<group>"; };
		515814681D63CDF1006394B4 /* Base */ = {isa = PBXFileReference; lastKnownFileType = file.storyboard; name = Base; path = Base.lproj/Main.storyboard; sourceTree = "<group>"; };
		5158146A1D63CDF1006394B4 /* Assets.xcassets */ = {isa = PBXFileReference; lastKnownFileType = folder.assetcatalog; path = Assets.xcassets; sourceTree = "<group>"; };
		5158146D1D63CDF1006394B4 /* Base */ = {isa = PBXFileReference; lastKnownFileType = file.storyboard; name = Base; path = Base.lproj/LaunchScreen.storyboard; sourceTree = "<group>"; };
		5158146F1D63CDF1006394B4 /* Info.plist */ = {isa = PBXFileReference; lastKnownFileType = text.plist.xml; path = Info.plist; sourceTree = "<group>"; };
		515814781D63CE29006394B4 /* User.swift */ = {isa = PBXFileReference; fileEncoding = 4; lastKnownFileType = sourcecode.swift; path = User.swift; sourceTree = "<group>"; };
		5158147C1D63CE5B006394B4 /* Post.swift */ = {isa = PBXFileReference; fileEncoding = 4; lastKnownFileType = sourcecode.swift; path = Post.swift; sourceTree = "<group>"; };
		515814801D64C946006394B4 /* CloudKitManager.swift */ = {isa = PBXFileReference; fileEncoding = 4; lastKnownFileType = sourcecode.swift; path = CloudKitManager.swift; sourceTree = "<group>"; };
		515814821D64F84C006394B4 /* Chat.entitlements */ = {isa = PBXFileReference; lastKnownFileType = text.xml; path = Chat.entitlements; sourceTree = "<group>"; };
		515814831D64F84F006394B4 /* CloudKit.framework */ = {isa = PBXFileReference; lastKnownFileType = wrapper.framework; name = CloudKit.framework; path = System/Library/Frameworks/CloudKit.framework; sourceTree = SDKROOT; };
		515814851D650C59006394B4 /* UserController.swift */ = {isa = PBXFileReference; fileEncoding = 4; lastKnownFileType = sourcecode.swift; path = UserController.swift; sourceTree = "<group>"; };
		515814871D67A0F9006394B4 /* Message.swift */ = {isa = PBXFileReference; fileEncoding = 4; lastKnownFileType = sourcecode.swift; path = Message.swift; sourceTree = "<group>"; };
		515814891D67A1DC006394B4 /* Channel.swift */ = {isa = PBXFileReference; fileEncoding = 4; lastKnownFileType = sourcecode.swift; path = Channel.swift; sourceTree = "<group>"; };
		5158148B1D67BBF0006394B4 /* ViewController.swift */ = {isa = PBXFileReference; fileEncoding = 4; lastKnownFileType = sourcecode.swift; path = ViewController.swift; sourceTree = "<group>"; };
		5158148D1D6B734E006394B4 /* MessageController.swift */ = {isa = PBXFileReference; fileEncoding = 4; lastKnownFileType = sourcecode.swift; path = MessageController.swift; sourceTree = "<group>"; };
		5158148F1D6B7360006394B4 /* ChannelController.swift */ = {isa = PBXFileReference; fileEncoding = 4; lastKnownFileType = sourcecode.swift; path = ChannelController.swift; sourceTree = "<group>"; };
		515814911D6B737B006394B4 /* PostController.swift */ = {isa = PBXFileReference; fileEncoding = 4; lastKnownFileType = sourcecode.swift; path = PostController.swift; sourceTree = "<group>"; };
/* End PBXFileReference section */

/* Begin PBXFrameworksBuildPhase section */
		5158145D1D63CDF1006394B4 /* Frameworks */ = {
			isa = PBXFrameworksBuildPhase;
			buildActionMask = 2147483647;
			files = (
				515814841D64F84F006394B4 /* CloudKit.framework in Frameworks */,
			);
			runOnlyForDeploymentPostprocessing = 0;
		};
/* End PBXFrameworksBuildPhase section */

/* Begin PBXGroup section */
		515814571D63CDF1006394B4 = {
			isa = PBXGroup;
			children = (
				515814831D64F84F006394B4 /* CloudKit.framework */,
				515814621D63CDF1006394B4 /* Chat */,
				515814611D63CDF1006394B4 /* Products */,
			);
			sourceTree = "<group>";
		};
		515814611D63CDF1006394B4 /* Products */ = {
			isa = PBXGroup;
			children = (
				515814601D63CDF1006394B4 /* Chat.app */,
			);
			name = Products;
			sourceTree = "<group>";
		};
		515814621D63CDF1006394B4 /* Chat */ = {
			isa = PBXGroup;
			children = (
				515814821D64F84C006394B4 /* Chat.entitlements */,
				515814631D63CDF1006394B4 /* AppDelegate.swift */,
				515814671D63CDF1006394B4 /* Main.storyboard */,
				515814771D63CE09006394B4 /* View */,
				515814761D63CE03006394B4 /* Controller */,
				515814751D63CDF7006394B4 /* Model */,
				5158146A1D63CDF1006394B4 /* Assets.xcassets */,
				5158146C1D63CDF1006394B4 /* LaunchScreen.storyboard */,
				5158146F1D63CDF1006394B4 /* Info.plist */,
			);
			path = Chat;
			sourceTree = "<group>";
		};
		515814751D63CDF7006394B4 /* Model */ = {
			isa = PBXGroup;
			children = (
				515814781D63CE29006394B4 /* User.swift */,
				515814891D67A1DC006394B4 /* Channel.swift */,
				515814871D67A0F9006394B4 /* Message.swift */,
				5158147C1D63CE5B006394B4 /* Post.swift */,
			);
			name = Model;
			sourceTree = "<group>";
		};
		515814761D63CE03006394B4 /* Controller */ = {
			isa = PBXGroup;
			children = (
				515814801D64C946006394B4 /* CloudKitManager.swift */,
				515814851D650C59006394B4 /* UserController.swift */,
				5158148F1D6B7360006394B4 /* ChannelController.swift */,
				5158148D1D6B734E006394B4 /* MessageController.swift */,
				515814911D6B737B006394B4 /* PostController.swift */,
			);
			name = Controller;
			sourceTree = "<group>";
		};
		515814771D63CE09006394B4 /* View */ = {
			isa = PBXGroup;
			children = (
				5158148B1D67BBF0006394B4 /* ViewController.swift */,
			);
			name = View;
			sourceTree = "<group>";
		};
/* End PBXGroup section */

/* Begin PBXNativeTarget section */
		5158145F1D63CDF1006394B4 /* Chat */ = {
			isa = PBXNativeTarget;
			buildConfigurationList = 515814721D63CDF1006394B4 /* Build configuration list for PBXNativeTarget "Chat" */;
			buildPhases = (
				5158145C1D63CDF1006394B4 /* Sources */,
				5158145D1D63CDF1006394B4 /* Frameworks */,
				5158145E1D63CDF1006394B4 /* Resources */,
			);
			buildRules = (
			);
			dependencies = (
			);
			name = Chat;
			productName = Chat;
			productReference = 515814601D63CDF1006394B4 /* Chat.app */;
			productType = "com.apple.product-type.application";
		};
/* End PBXNativeTarget section */

/* Begin PBXProject section */
		515814581D63CDF1006394B4 /* Project object */ = {
			isa = PBXProject;
			attributes = {
				LastSwiftUpdateCheck = 0730;
				LastUpgradeCheck = 0730;
				ORGANIZATIONNAME = "Steven Patterson";
				TargetAttributes = {
					5158145F1D63CDF1006394B4 = {
						CreatedOnToolsVersion = 7.3.1;
						DevelopmentTeam = M3Z74MK3M2;
						LastSwiftMigration = 0800;
						SystemCapabilities = {
							com.apple.iCloud = {
								enabled = 1;
							};
						};
					};
				};
			};
			buildConfigurationList = 5158145B1D63CDF1006394B4 /* Build configuration list for PBXProject "Chat" */;
			compatibilityVersion = "Xcode 3.2";
			developmentRegion = English;
			hasScannedForEncodings = 0;
			knownRegions = (
				en,
				Base,
			);
			mainGroup = 515814571D63CDF1006394B4;
			productRefGroup = 515814611D63CDF1006394B4 /* Products */;
			projectDirPath = "";
			projectRoot = "";
			targets = (
				5158145F1D63CDF1006394B4 /* Chat */,
			);
		};
/* End PBXProject section */

/* Begin PBXResourcesBuildPhase section */
		5158145E1D63CDF1006394B4 /* Resources */ = {
			isa = PBXResourcesBuildPhase;
			buildActionMask = 2147483647;
			files = (
				5158146E1D63CDF1006394B4 /* LaunchScreen.storyboard in Resources */,
				5158146B1D63CDF1006394B4 /* Assets.xcassets in Resources */,
				515814691D63CDF1006394B4 /* Main.storyboard in Resources */,
			);
			runOnlyForDeploymentPostprocessing = 0;
		};
/* End PBXResourcesBuildPhase section */

/* Begin PBXSourcesBuildPhase section */
		5158145C1D63CDF1006394B4 /* Sources */ = {
			isa = PBXSourcesBuildPhase;
			buildActionMask = 2147483647;
			files = (
				5158148A1D67A1DC006394B4 /* Channel.swift in Sources */,
				5158148E1D6B734E006394B4 /* MessageController.swift in Sources */,
				515814861D650C59006394B4 /* UserController.swift in Sources */,
				515814901D6B7360006394B4 /* ChannelController.swift in Sources */,
				515814921D6B737B006394B4 /* PostController.swift in Sources */,
				515814791D63CE29006394B4 /* User.swift in Sources */,
				515814641D63CDF1006394B4 /* AppDelegate.swift in Sources */,
				515814881D67A0F9006394B4 /* Message.swift in Sources */,
				5158147D1D63CE5B006394B4 /* Post.swift in Sources */,
				5158148C1D67BBF0006394B4 /* ViewController.swift in Sources */,
				515814811D64C946006394B4 /* CloudKitManager.swift in Sources */,
			);
			runOnlyForDeploymentPostprocessing = 0;
		};
/* End PBXSourcesBuildPhase section */

/* Begin PBXVariantGroup section */
		515814671D63CDF1006394B4 /* Main.storyboard */ = {
			isa = PBXVariantGroup;
			children = (
				515814681D63CDF1006394B4 /* Base */,
			);
			name = Main.storyboard;
			sourceTree = "<group>";
		};
		5158146C1D63CDF1006394B4 /* LaunchScreen.storyboard */ = {
			isa = PBXVariantGroup;
			children = (
				5158146D1D63CDF1006394B4 /* Base */,
			);
			name = LaunchScreen.storyboard;
			sourceTree = "<group>";
		};
/* End PBXVariantGroup section */

/* Begin XCBuildConfiguration section */
		515814701D63CDF1006394B4 /* Debug */ = {
			isa = XCBuildConfiguration;
			buildSettings = {
				ALWAYS_SEARCH_USER_PATHS = NO;
				CLANG_ANALYZER_NONNULL = YES;
				CLANG_CXX_LANGUAGE_STANDARD = "gnu++0x";
				CLANG_CXX_LIBRARY = "libc++";
				CLANG_ENABLE_MODULES = YES;
				CLANG_ENABLE_OBJC_ARC = YES;
				CLANG_WARN_BOOL_CONVERSION = YES;
				CLANG_WARN_CONSTANT_CONVERSION = YES;
				CLANG_WARN_DIRECT_OBJC_ISA_USAGE = YES_ERROR;
				CLANG_WARN_EMPTY_BODY = YES;
				CLANG_WARN_ENUM_CONVERSION = YES;
				CLANG_WARN_INT_CONVERSION = YES;
				CLANG_WARN_OBJC_ROOT_CLASS = YES_ERROR;
				CLANG_WARN_UNREACHABLE_CODE = YES;
				CLANG_WARN__DUPLICATE_METHOD_MATCH = YES;
				"CODE_SIGN_IDENTITY[sdk=iphoneos*]" = "iPhone Developer";
				COPY_PHASE_STRIP = NO;
				DEBUG_INFORMATION_FORMAT = dwarf;
				ENABLE_STRICT_OBJC_MSGSEND = YES;
				ENABLE_TESTABILITY = YES;
				GCC_C_LANGUAGE_STANDARD = gnu99;
				GCC_DYNAMIC_NO_PIC = NO;
				GCC_NO_COMMON_BLOCKS = YES;
				GCC_OPTIMIZATION_LEVEL = 0;
				GCC_PREPROCESSOR_DEFINITIONS = (
					"DEBUG=1",
					"$(inherited)",
				);
				GCC_WARN_64_TO_32_BIT_CONVERSION = YES;
				GCC_WARN_ABOUT_RETURN_TYPE = YES_ERROR;
				GCC_WARN_UNDECLARED_SELECTOR = YES;
				GCC_WARN_UNINITIALIZED_AUTOS = YES_AGGRESSIVE;
				GCC_WARN_UNUSED_FUNCTION = YES;
				GCC_WARN_UNUSED_VARIABLE = YES;
				IPHONEOS_DEPLOYMENT_TARGET = 9.3;
				MTL_ENABLE_DEBUG_INFO = YES;
				ONLY_ACTIVE_ARCH = YES;
				SDKROOT = iphoneos;
				SWIFT_OPTIMIZATION_LEVEL = "-Onone";
				TARGETED_DEVICE_FAMILY = "1,2";
			};
			name = Debug;
		};
		515814711D63CDF1006394B4 /* Release */ = {
			isa = XCBuildConfiguration;
			buildSettings = {
				ALWAYS_SEARCH_USER_PATHS = NO;
				CLANG_ANALYZER_NONNULL = YES;
				CLANG_CXX_LANGUAGE_STANDARD = "gnu++0x";
				CLANG_CXX_LIBRARY = "libc++";
				CLANG_ENABLE_MODULES = YES;
				CLANG_ENABLE_OBJC_ARC = YES;
				CLANG_WARN_BOOL_CONVERSION = YES;
				CLANG_WARN_CONSTANT_CONVERSION = YES;
				CLANG_WARN_DIRECT_OBJC_ISA_USAGE = YES_ERROR;
				CLANG_WARN_EMPTY_BODY = YES;
				CLANG_WARN_ENUM_CONVERSION = YES;
				CLANG_WARN_INT_CONVERSION = YES;
				CLANG_WARN_OBJC_ROOT_CLASS = YES_ERROR;
				CLANG_WARN_UNREACHABLE_CODE = YES;
				CLANG_WARN__DUPLICATE_METHOD_MATCH = YES;
				"CODE_SIGN_IDENTITY[sdk=iphoneos*]" = "iPhone Developer";
				COPY_PHASE_STRIP = NO;
				DEBUG_INFORMATION_FORMAT = "dwarf-with-dsym";
				ENABLE_NS_ASSERTIONS = NO;
				ENABLE_STRICT_OBJC_MSGSEND = YES;
				GCC_C_LANGUAGE_STANDARD = gnu99;
				GCC_NO_COMMON_BLOCKS = YES;
				GCC_WARN_64_TO_32_BIT_CONVERSION = YES;
				GCC_WARN_ABOUT_RETURN_TYPE = YES_ERROR;
				GCC_WARN_UNDECLARED_SELECTOR = YES;
				GCC_WARN_UNINITIALIZED_AUTOS = YES_AGGRESSIVE;
				GCC_WARN_UNUSED_FUNCTION = YES;
				GCC_WARN_UNUSED_VARIABLE = YES;
				IPHONEOS_DEPLOYMENT_TARGET = 9.3;
				MTL_ENABLE_DEBUG_INFO = NO;
				SDKROOT = iphoneos;
				TARGETED_DEVICE_FAMILY = "1,2";
				VALIDATE_PRODUCT = YES;
			};
			name = Release;
		};
		515814731D63CDF1006394B4 /* Debug */ = {
			isa = XCBuildConfiguration;
			buildSettings = {
				ASSETCATALOG_COMPILER_APPICON_NAME = AppIcon;
				CODE_SIGN_ENTITLEMENTS = Chat/Chat.entitlements;
				INFOPLIST_FILE = Chat/Info.plist;
				LD_RUNPATH_SEARCH_PATHS = "$(inherited) @executable_path/Frameworks";
				PRODUCT_BUNDLE_IDENTIFIER = com.StevenPatterson.Chat;
				PRODUCT_NAME = "$(TARGET_NAME)";
				SWIFT_VERSION = 2.3;
			};
			name = Debug;
		};
		515814741D63CDF1006394B4 /* Release */ = {
			isa = XCBuildConfiguration;
			buildSettings = {
				ASSETCATALOG_COMPILER_APPICON_NAME = AppIcon;
				CODE_SIGN_ENTITLEMENTS = Chat/Chat.entitlements;
				INFOPLIST_FILE = Chat/Info.plist;
				LD_RUNPATH_SEARCH_PATHS = "$(inherited) @executable_path/Frameworks";
				PRODUCT_BUNDLE_IDENTIFIER = com.StevenPatterson.Chat;
				PRODUCT_NAME = "$(TARGET_NAME)";
				SWIFT_VERSION = 2.3;
			};
			name = Release;
		};
/* End XCBuildConfiguration section */

/* Begin XCConfigurationList section */
		5158145B1D63CDF1006394B4 /* Build configuration list for PBXProject "Chat" */ = {
			isa = XCConfigurationList;
			buildConfigurations = (
				515814701D63CDF1006394B4 /* Debug */,
				515814711D63CDF1006394B4 /* Release */,
			);
			defaultConfigurationIsVisible = 0;
			defaultConfigurationName = Release;
		};
		515814721D63CDF1006394B4 /* Build configuration list for PBXNativeTarget "Chat" */ = {
			isa = XCConfigurationList;
			buildConfigurations = (
				515814731D63CDF1006394B4 /* Debug */,
				515814741D63CDF1006394B4 /* Release */,
			);
			defaultConfigurationIsVisible = 0;
			defaultConfigurationName = Release;
		};
/* End XCConfigurationList section */
	};
	rootObject = 515814581D63CDF1006394B4 /* Project object */;
}
